
Microsoft Visual Studio Solution File, Format Version 12.00
# Visual Studio Version 16
VisualStudioVersion = 16.0.29613.14
MinimumVisualStudioVersion = 10.0.40219.1
Project("{FAE04EC0-301F-11D3-BF4B-00C04F79EFBC}") = "SeleniumPractice2", "SeleniumPractice2\SeleniumPractice2.csproj", "{C46DFD74-2900-44D0-A278-C1D463D38AD2}"
EndProject
Global
	GlobalSection(SolutionConfigurationPlatforms) = preSolution
		Debug|Any CPU = Debug|Any CPU
		Release|Any CPU = Release|Any CPU
	EndGlobalSection
	GlobalSection(ProjectConfigurationPlatforms) = postSolution
		{C46DFD74-2900-44D0-A278-C1D463D38AD2}.Debug|Any CPU.ActiveCfg = Debug|Any CPU
		{C46DFD74-2900-44D0-A278-C1D463D38AD2}.Debug|Any CPU.Build.0 = Debug|Any CPU
		{C46DFD74-2900-44D0-A278-C1D463D38AD2}.Release|Any CPU.ActiveCfg = Release|Any CPU
		{C46DFD74-2900-44D0-A278-C1D463D38AD2}.Release|Any CPU.Build.0 = Release|Any CPU
	EndGlobalSection
	GlobalSection(SolutionProperties) = preSolution
		HideSolutionNode = FALSE
	EndGlobalSection
	GlobalSection(ExtensibilityGlobals) = postSolution
		SolutionGuid = {0505F310-7E96-43E8-87CC-9B1779BEB137}
	EndGlobalSection
EndGlobal
